{
	"name": "plugins",
	"version": "1.0.0",
	"lockfileVersion": 3,
	"requires": true,
	"packages": {
		"": {
			"name": "plugins",
			"version": "1.0.0",
			"license": "ISC",
			"dependencies": {
				"node-kraken-api": "^2.2.2",
				"typescript": "^4.9.5"
			}
		},
		"node_modules/bufferutil": {
			"version": "4.0.8",
			"resolved": "https://registry.npmjs.org/bufferutil/-/bufferutil-4.0.8.tgz",
			"integrity": "sha512-4T53u4PdgsXqKaIctwF8ifXlRTTmEPJ8iEPWFdGZvcf7sbwYo6FKFEX9eNNAnzFZ7EzJAQ3CJeOtCRA4rDp7Pw==",
			"hasInstallScript": true,
			"optional": true,
			"dependencies": {
				"node-gyp-build": "^4.3.0"
			},
			"engines": {
				"node": ">=6.14.2"
			}
		},
		"node_modules/crc": {
			"version": "4.3.2",
			"resolved": "https://registry.npmjs.org/crc/-/crc-4.3.2.tgz",
			"integrity": "sha512-uGDHf4KLLh2zsHa8D8hIQ1H/HtFQhyHrc0uhHBcoKGol/Xnb+MPYfUMw7cvON6ze/GUESTudKayDcJC5HnJv1A==",
			"engines": {
				"node": ">=12"
			},
			"peerDependencies": {
				"buffer": ">=6.0.3"
			},
			"peerDependenciesMeta": {
				"buffer": {
					"optional": true
				}
			}
		},
		"node_modules/node-gyp-build": {
			"version": "4.7.1",
			"resolved": "https://registry.npmjs.org/node-gyp-build/-/node-gyp-build-4.7.1.tgz",
			"integrity": "sha512-wTSrZ+8lsRRa3I3H8Xr65dLWSgCvY2l4AOnaeKdPA9TB/WYMPaTcrzf3rXvFoVvjKNVnu0CcWSx54qq9GKRUYg==",
			"optional": true,
			"bin": {
				"node-gyp-build": "bin.js",
				"node-gyp-build-optional": "optional.js",
				"node-gyp-build-test": "build-test.js"
			}
		},
		"node_modules/node-kraken-api": {
			"version": "2.2.2",
			"resolved": "https://registry.npmjs.org/node-kraken-api/-/node-kraken-api-2.2.2.tgz",
			"integrity": "sha512-f+BZpgT1gD9705hlsRDDGj9m96Psb0Gxu3Td/P2fs0/gFy58YQONrTPiqfYzOBxvpmYnuAMxCRuRmdmkw04eRw==",
			"dependencies": {
				"crc": "^4.1.0",
				"ts-ev": "^0.4.0",
				"ws": "^8.5.0"
			},
			"engines": {
				"node": ">=10.0.0"
			},
			"optionalDependencies": {
				"bufferutil": "^4.0.6",
				"utf-8-validate": "^5.0.9"
			}
		},
		"node_modules/ts-ev": {
			"version": "0.4.0",
			"resolved": "https://registry.npmjs.org/ts-ev/-/ts-ev-0.4.0.tgz",
			"integrity": "sha512-rLX6QdkC1/jA9sS4y9/DxHABTcOussp33J90h+TxHmya9CWvbGc9uLqdM4c/N4pNRmSdtq9zqhz7sB9KcN1NFQ==",
			"engines": {
				"node": ">=10.0.0"
			}
		},
		"node_modules/typescript": {
			"version": "4.9.5",
			"resolved": "https://registry.npmjs.org/typescript/-/typescript-4.9.5.tgz",
			"integrity": "sha512-1FXk9E2Hm+QzZQ7z+McJiHL4NW1F2EzMu9Nq9i3zAaGqibafqYwCVU6WyWAuyQRRzOlxou8xZSyXLEN8oKj24g==",
			"bin": {
				"tsc": "bin/tsc",
				"tsserver": "bin/tsserver"
			},
			"engines": {
				"node": ">=4.2.0"
			}
		},
		"node_modules/utf-8-validate": {
			"version": "5.0.10",
			"resolved": "https://registry.npmjs.org/utf-8-validate/-/utf-8-validate-5.0.10.tgz",
			"integrity": "sha512-Z6czzLq4u8fPOyx7TU6X3dvUZVvoJmxSQ+IcrlmagKhilxlhZgxPK6C5Jqbkw1IDUmFTM+cz9QDnnLTwDz/2gQ==",
			"hasInstallScript": true,
			"optional": true,
			"dependencies": {
				"node-gyp-build": "^4.3.0"
			},
			"engines": {
				"node": ">=6.14.2"
			}
		},
		"node_modules/ws": {
			"version": "8.14.2",
			"resolved": "https://registry.npmjs.org/ws/-/ws-8.14.2.tgz",
			"integrity": "sha512-wEBG1ftX4jcglPxgFCMJmZ2PLtSbJ2Peg6TmpJFTbe9GZYOQCDPdMYu/Tm0/bGZkw8paZnJY45J4K2PZrLYq8g==",
			"engines": {
				"node": ">=10.0.0"
			},
			"peerDependencies": {
				"bufferutil": "^4.0.1",
				"utf-8-validate": ">=5.0.2"
			},
			"peerDependenciesMeta": {
				"bufferutil": {
					"optional": true
				},
				"utf-8-validate": {
					"optional": true
				}
			}
		}
	}
}
